
Microsoft Visual Studio Solution File, Format Version 12.00
# Visual Studio 15
VisualStudioVersion = 15.0.27004.2002
MinimumVisualStudioVersion = 10.0.40219.1
Project("{2150E333-8FDC-42A3-9474-1A3956D46DE8}") = "Tests", "Tests", "{747AE608-E524-44FA-97E2-D55C4BEFAEFD}"
EndProject
Project("{2150E333-8FDC-42A3-9474-1A3956D46DE8}") = "Main", "Main", "{41C8A8FE-E80F-4A88-89BC-1AB2F16A3064}"
EndProject
Project("{2150E333-8FDC-42A3-9474-1A3956D46DE8}") = "Executables", "Executables", "{B437C345-72EC-47EA-8AE0-B0801224EC18}"
EndProject
Project("{FAE04EC0-301F-11D3-BF4B-00C04F79EFBC}") = "Mox.Core", "Source\Mox.Core\Project\Mox.Core.csproj", "{ECC84015-A4BA-4EB4-97DD-74AC2B825B33}"
EndProject
Project("{FAE04EC0-301F-11D3-BF4B-00C04F79EFBC}") = "Mox.Engine", "Source\Mox.Engine\Project\Mox.Engine.csproj", "{2C17E9D9-0103-4EED-883A-FA06608AA657}"
EndProject
Project("{FAE04EC0-301F-11D3-BF4B-00C04F79EFBC}") = "Mox", "Source\Mox\Project\Mox.csproj", "{0F60B590-8E1F-456B-AC55-1244FB9854E2}"
EndProject
Project("{FAE04EC0-301F-11D3-BF4B-00C04F79EFBC}") = "Mox.DedicatedServer", "Source\Mox.DedicatedServer\Project\Mox.DedicatedServer.csproj", "{DB6F9663-7559-4E99-9EFB-1598418687A8}"
EndProject
Project("{FAE04EC0-301F-11D3-BF4B-00C04F79EFBC}") = "Mox.Core.Tests", "Source\Mox.Core\Tests\Mox.Core.Tests.csproj", "{A3978596-1143-43E4-9767-CAE85DAA1EC2}"
EndProject
Project("{FAE04EC0-301F-11D3-BF4B-00C04F79EFBC}") = "Mox.Engine.Tests", "Source\Mox.Engine\Tests\Mox.Engine.Tests.csproj", "{E26F58FD-9334-4E77-BD46-3CD5795602CF}"
EndProject
Project("{FAE04EC0-301F-11D3-BF4B-00C04F79EFBC}") = "Mox.DevTools", "Source\Mox.DevTools\Project\Mox.DevTools.csproj", "{76CF2782-229A-4923-A7AA-1E1767FF39BF}"
EndProject
Project("{FAE04EC0-301F-11D3-BF4B-00C04F79EFBC}") = "Mox.UI", "Source\Mox.UI\Project\Mox.UI.csproj", "{FFA889FD-EEF9-413A-A5A4-5885B21BDEE1}"
EndProject
Project("{FAE04EC0-301F-11D3-BF4B-00C04F79EFBC}") = "Mox.UI.Tests", "Source\Mox.UI\Tests\Mox.UI.Tests.csproj", "{11434F4C-A294-4240-865C-F14B3F27A8CA}"
EndProject
Global
	GlobalSection(SolutionConfigurationPlatforms) = preSolution
		Debug|Any CPU = Debug|Any CPU
		Release|Any CPU = Release|Any CPU
	EndGlobalSection
	GlobalSection(ProjectConfigurationPlatforms) = postSolution
		{ECC84015-A4BA-4EB4-97DD-74AC2B825B33}.Debug|Any CPU.ActiveCfg = Debug|Any CPU
		{ECC84015-A4BA-4EB4-97DD-74AC2B825B33}.Debug|Any CPU.Build.0 = Debug|Any CPU
		{ECC84015-A4BA-4EB4-97DD-74AC2B825B33}.Release|Any CPU.ActiveCfg = Release|Any CPU
		{ECC84015-A4BA-4EB4-97DD-74AC2B825B33}.Release|Any CPU.Build.0 = Release|Any CPU
		{2C17E9D9-0103-4EED-883A-FA06608AA657}.Debug|Any CPU.ActiveCfg = Debug|Any CPU
		{2C17E9D9-0103-4EED-883A-FA06608AA657}.Debug|Any CPU.Build.0 = Debug|Any CPU
		{2C17E9D9-0103-4EED-883A-FA06608AA657}.Release|Any CPU.ActiveCfg = Release|Any CPU
		{2C17E9D9-0103-4EED-883A-FA06608AA657}.Release|Any CPU.Build.0 = Release|Any CPU
		{0F60B590-8E1F-456B-AC55-1244FB9854E2}.Debug|Any CPU.ActiveCfg = Debug|Any CPU
		{0F60B590-8E1F-456B-AC55-1244FB9854E2}.Debug|Any CPU.Build.0 = Debug|Any CPU
		{0F60B590-8E1F-456B-AC55-1244FB9854E2}.Release|Any CPU.ActiveCfg = Release|Any CPU
		{0F60B590-8E1F-456B-AC55-1244FB9854E2}.Release|Any CPU.Build.0 = Release|Any CPU
		{DB6F9663-7559-4E99-9EFB-1598418687A8}.Debug|Any CPU.ActiveCfg = Debug|Any CPU
		{DB6F9663-7559-4E99-9EFB-1598418687A8}.Debug|Any CPU.Build.0 = Debug|Any CPU
		{DB6F9663-7559-4E99-9EFB-1598418687A8}.Release|Any CPU.ActiveCfg = Release|Any CPU
		{DB6F9663-7559-4E99-9EFB-1598418687A8}.Release|Any CPU.Build.0 = Release|Any CPU
		{A3978596-1143-43E4-9767-CAE85DAA1EC2}.Debug|Any CPU.ActiveCfg = Debug|Any CPU
		{A3978596-1143-43E4-9767-CAE85DAA1EC2}.Debug|Any CPU.Build.0 = Debug|Any CPU
		{A3978596-1143-43E4-9767-CAE85DAA1EC2}.Release|Any CPU.ActiveCfg = Release|Any CPU
		{A3978596-1143-43E4-9767-CAE85DAA1EC2}.Release|Any CPU.Build.0 = Release|Any CPU
		{E26F58FD-9334-4E77-BD46-3CD5795602CF}.Debug|Any CPU.ActiveCfg = Debug|Any CPU
		{E26F58FD-9334-4E77-BD46-3CD5795602CF}.Debug|Any CPU.Build.0 = Debug|Any CPU
		{E26F58FD-9334-4E77-BD46-3CD5795602CF}.Release|Any CPU.ActiveCfg = Release|Any CPU
		{E26F58FD-9334-4E77-BD46-3CD5795602CF}.Release|Any CPU.Build.0 = Release|Any CPU
		{76CF2782-229A-4923-A7AA-1E1767FF39BF}.Debug|Any CPU.ActiveCfg = Debug|Any CPU
		{76CF2782-229A-4923-A7AA-1E1767FF39BF}.Debug|Any CPU.Build.0 = Debug|Any CPU
		{76CF2782-229A-4923-A7AA-1E1767FF39BF}.Release|Any CPU.ActiveCfg = Release|Any CPU
		{76CF2782-229A-4923-A7AA-1E1767FF39BF}.Release|Any CPU.Build.0 = Release|Any CPU
		{FFA889FD-EEF9-413A-A5A4-5885B21BDEE1}.Debug|Any CPU.ActiveCfg = Debug|Any CPU
		{FFA889FD-EEF9-413A-A5A4-5885B21BDEE1}.Debug|Any CPU.Build.0 = Debug|Any CPU
		{FFA889FD-EEF9-413A-A5A4-5885B21BDEE1}.Release|Any CPU.ActiveCfg = Release|Any CPU
		{FFA889FD-EEF9-413A-A5A4-5885B21BDEE1}.Release|Any CPU.Build.0 = Release|Any CPU
		{11434F4C-A294-4240-865C-F14B3F27A8CA}.Debug|Any CPU.ActiveCfg = Debug|Any CPU
		{11434F4C-A294-4240-865C-F14B3F27A8CA}.Debug|Any CPU.Build.0 = Debug|Any CPU
		{11434F4C-A294-4240-865C-F14B3F27A8CA}.Release|Any CPU.ActiveCfg = Release|Any CPU
		{11434F4C-A294-4240-865C-F14B3F27A8CA}.Release|Any CPU.Build.0 = Release|Any CPU
	EndGlobalSection
	GlobalSection(SolutionProperties) = preSolution
		HideSolutionNode = FALSE
	EndGlobalSection
	GlobalSection(NestedProjects) = preSolution
		{ECC84015-A4BA-4EB4-97DD-74AC2B825B33} = {41C8A8FE-E80F-4A88-89BC-1AB2F16A3064}
		{2C17E9D9-0103-4EED-883A-FA06608AA657} = {41C8A8FE-E80F-4A88-89BC-1AB2F16A3064}
		{0F60B590-8E1F-456B-AC55-1244FB9854E2} = {B437C345-72EC-47EA-8AE0-B0801224EC18}
		{DB6F9663-7559-4E99-9EFB-1598418687A8} = {B437C345-72EC-47EA-8AE0-B0801224EC18}
		{A3978596-1143-43E4-9767-CAE85DAA1EC2} = {747AE608-E524-44FA-97E2-D55C4BEFAEFD}
		{E26F58FD-9334-4E77-BD46-3CD5795602CF} = {747AE608-E524-44FA-97E2-D55C4BEFAEFD}
		{76CF2782-229A-4923-A7AA-1E1767FF39BF} = {B437C345-72EC-47EA-8AE0-B0801224EC18}
		{FFA889FD-EEF9-413A-A5A4-5885B21BDEE1} = {41C8A8FE-E80F-4A88-89BC-1AB2F16A3064}
		{11434F4C-A294-4240-865C-F14B3F27A8CA} = {747AE608-E524-44FA-97E2-D55C4BEFAEFD}
	EndGlobalSection
	GlobalSection(ExtensibilityGlobals) = postSolution
		SolutionGuid = {55BE848B-2634-4A43-9698-9C7A59F017C7}
	EndGlobalSection
EndGlobal
