
Microsoft Visual Studio Solution File, Format Version 12.00
# Visual Studio 2013
VisualStudioVersion = 12.0.30110.0
MinimumVisualStudioVersion = 10.0.40219.1
Project("{2150E333-8FDC-42A3-9474-1A3956D46DE8}") = "Tests", "Tests", "{747AE608-E524-44FA-97E2-D55C4BEFAEFD}"
EndProject
Project("{2150E333-8FDC-42A3-9474-1A3956D46DE8}") = "Main", "Main", "{41C8A8FE-E80F-4A88-89BC-1AB2F16A3064}"
EndProject
Project("{2150E333-8FDC-42A3-9474-1A3956D46DE8}") = "Executables", "Executables", "{B437C345-72EC-47EA-8AE0-B0801224EC18}"
EndProject
Project("{FAE04EC0-301F-11D3-BF4B-00C04F79EFBC}") = "Mox.Core", "Source\Mox.Core\Project\Mox.Core.csproj", "{ECC84015-A4BA-4EB4-97DD-74AC2B825B33}"
EndProject
Project("{FAE04EC0-301F-11D3-BF4B-00C04F79EFBC}") = "Mox.Engine", "Source\Mox.Engine\Project\Mox.Engine.csproj", "{2C17E9D9-0103-4EED-883A-FA06608AA657}"
EndProject
Project("{FAE04EC0-301F-11D3-BF4B-00C04F79EFBC}") = "Mox", "Source\Mox\Project\Mox.csproj", "{0F60B590-8E1F-456B-AC55-1244FB9854E2}"
EndProject
Project("{FAE04EC0-301F-11D3-BF4B-00C04F79EFBC}") = "Mox.DedicatedServer", "Source\Mox.DedicatedServer\Project\Mox.DedicatedServer.csproj", "{DB6F9663-7559-4E99-9EFB-1598418687A8}"
EndProject
Project("{FAE04EC0-301F-11D3-BF4B-00C04F79EFBC}") = "Mox.Core.Tests", "Source\Mox.Core\Tests\Mox.Core.Tests.csproj", "{A3978596-1143-43E4-9767-CAE85DAA1EC2}"
EndProject
Project("{FAE04EC0-301F-11D3-BF4B-00C04F79EFBC}") = "Mox.Engine.Tests", "Source\Mox.Engine\Tests\Mox.Engine.Tests.csproj", "{E26F58FD-9334-4E77-BD46-3CD5795602CF}"
EndProject
Project("{FAE04EC0-301F-11D3-BF4B-00C04F79EFBC}") = "Mox.NewUI", "Source\Mox.NewUI\Project\Mox.NewUI.csproj", "{6BF141E7-E9BD-4EB9-98FA-F344EAF7C2EC}"
EndProject
Project("{FAE04EC0-301F-11D3-BF4B-00C04F79EFBC}") = "Mox.NewUI.Tests", "Source\Mox.NewUI\Tests\Mox.NewUI.Tests.csproj", "{7238C734-EF07-488D-B5C1-94C056CF6F23}"
EndProject
Project("{FAE04EC0-301F-11D3-BF4B-00C04F79EFBC}") = "Mox.TestCardRendering", "Source\Mox.TestCardRendering\Project\Mox.TestCardRendering.csproj", "{C5657B75-FC4F-40BB-A38D-6B1829DDC87F}"
EndProject
Project("{2150E333-8FDC-42A3-9474-1A3956D46DE8}") = ".nuget", ".nuget", "{45C61A9C-9C15-4B06-B8D2-7841D11622BA}"
	ProjectSection(SolutionItems) = preProject
		.nuget\NuGet.Config = .nuget\NuGet.Config
		.nuget\NuGet.exe = .nuget\NuGet.exe
		.nuget\NuGet.targets = .nuget\NuGet.targets
	EndProjectSection
EndProject
Global
	GlobalSection(SolutionConfigurationPlatforms) = preSolution
		Debug|Any CPU = Debug|Any CPU
		Release|Any CPU = Release|Any CPU
	EndGlobalSection
	GlobalSection(ProjectConfigurationPlatforms) = postSolution
		{ECC84015-A4BA-4EB4-97DD-74AC2B825B33}.Debug|Any CPU.ActiveCfg = Debug|Any CPU
		{ECC84015-A4BA-4EB4-97DD-74AC2B825B33}.Debug|Any CPU.Build.0 = Debug|Any CPU
		{ECC84015-A4BA-4EB4-97DD-74AC2B825B33}.Release|Any CPU.ActiveCfg = Release|Any CPU
		{ECC84015-A4BA-4EB4-97DD-74AC2B825B33}.Release|Any CPU.Build.0 = Release|Any CPU
		{2C17E9D9-0103-4EED-883A-FA06608AA657}.Debug|Any CPU.ActiveCfg = Debug|Any CPU
		{2C17E9D9-0103-4EED-883A-FA06608AA657}.Debug|Any CPU.Build.0 = Debug|Any CPU
		{2C17E9D9-0103-4EED-883A-FA06608AA657}.Release|Any CPU.ActiveCfg = Release|Any CPU
		{2C17E9D9-0103-4EED-883A-FA06608AA657}.Release|Any CPU.Build.0 = Release|Any CPU
		{0F60B590-8E1F-456B-AC55-1244FB9854E2}.Debug|Any CPU.ActiveCfg = Debug|Any CPU
		{0F60B590-8E1F-456B-AC55-1244FB9854E2}.Debug|Any CPU.Build.0 = Debug|Any CPU
		{0F60B590-8E1F-456B-AC55-1244FB9854E2}.Release|Any CPU.ActiveCfg = Release|Any CPU
		{0F60B590-8E1F-456B-AC55-1244FB9854E2}.Release|Any CPU.Build.0 = Release|Any CPU
		{DB6F9663-7559-4E99-9EFB-1598418687A8}.Debug|Any CPU.ActiveCfg = Debug|Any CPU
		{DB6F9663-7559-4E99-9EFB-1598418687A8}.Debug|Any CPU.Build.0 = Debug|Any CPU
		{DB6F9663-7559-4E99-9EFB-1598418687A8}.Release|Any CPU.ActiveCfg = Release|Any CPU
		{DB6F9663-7559-4E99-9EFB-1598418687A8}.Release|Any CPU.Build.0 = Release|Any CPU
		{A3978596-1143-43E4-9767-CAE85DAA1EC2}.Debug|Any CPU.ActiveCfg = Debug|Any CPU
		{A3978596-1143-43E4-9767-CAE85DAA1EC2}.Debug|Any CPU.Build.0 = Debug|Any CPU
		{A3978596-1143-43E4-9767-CAE85DAA1EC2}.Release|Any CPU.ActiveCfg = Release|Any CPU
		{A3978596-1143-43E4-9767-CAE85DAA1EC2}.Release|Any CPU.Build.0 = Release|Any CPU
		{E26F58FD-9334-4E77-BD46-3CD5795602CF}.Debug|Any CPU.ActiveCfg = Debug|Any CPU
		{E26F58FD-9334-4E77-BD46-3CD5795602CF}.Debug|Any CPU.Build.0 = Debug|Any CPU
		{E26F58FD-9334-4E77-BD46-3CD5795602CF}.Release|Any CPU.ActiveCfg = Release|Any CPU
		{E26F58FD-9334-4E77-BD46-3CD5795602CF}.Release|Any CPU.Build.0 = Release|Any CPU
		{6BF141E7-E9BD-4EB9-98FA-F344EAF7C2EC}.Debug|Any CPU.ActiveCfg = Debug|Any CPU
		{6BF141E7-E9BD-4EB9-98FA-F344EAF7C2EC}.Debug|Any CPU.Build.0 = Debug|Any CPU
		{6BF141E7-E9BD-4EB9-98FA-F344EAF7C2EC}.Release|Any CPU.ActiveCfg = Release|Any CPU
		{6BF141E7-E9BD-4EB9-98FA-F344EAF7C2EC}.Release|Any CPU.Build.0 = Release|Any CPU
		{7238C734-EF07-488D-B5C1-94C056CF6F23}.Debug|Any CPU.ActiveCfg = Debug|Any CPU
		{7238C734-EF07-488D-B5C1-94C056CF6F23}.Debug|Any CPU.Build.0 = Debug|Any CPU
		{7238C734-EF07-488D-B5C1-94C056CF6F23}.Release|Any CPU.ActiveCfg = Release|Any CPU
		{7238C734-EF07-488D-B5C1-94C056CF6F23}.Release|Any CPU.Build.0 = Release|Any CPU
		{C5657B75-FC4F-40BB-A38D-6B1829DDC87F}.Debug|Any CPU.ActiveCfg = Debug|Any CPU
		{C5657B75-FC4F-40BB-A38D-6B1829DDC87F}.Debug|Any CPU.Build.0 = Debug|Any CPU
		{C5657B75-FC4F-40BB-A38D-6B1829DDC87F}.Release|Any CPU.ActiveCfg = Release|Any CPU
		{C5657B75-FC4F-40BB-A38D-6B1829DDC87F}.Release|Any CPU.Build.0 = Release|Any CPU
	EndGlobalSection
	GlobalSection(SolutionProperties) = preSolution
		HideSolutionNode = FALSE
	EndGlobalSection
	GlobalSection(NestedProjects) = preSolution
		{A3978596-1143-43E4-9767-CAE85DAA1EC2} = {747AE608-E524-44FA-97E2-D55C4BEFAEFD}
		{E26F58FD-9334-4E77-BD46-3CD5795602CF} = {747AE608-E524-44FA-97E2-D55C4BEFAEFD}
		{7238C734-EF07-488D-B5C1-94C056CF6F23} = {747AE608-E524-44FA-97E2-D55C4BEFAEFD}
		{ECC84015-A4BA-4EB4-97DD-74AC2B825B33} = {41C8A8FE-E80F-4A88-89BC-1AB2F16A3064}
		{2C17E9D9-0103-4EED-883A-FA06608AA657} = {41C8A8FE-E80F-4A88-89BC-1AB2F16A3064}
		{6BF141E7-E9BD-4EB9-98FA-F344EAF7C2EC} = {41C8A8FE-E80F-4A88-89BC-1AB2F16A3064}
		{0F60B590-8E1F-456B-AC55-1244FB9854E2} = {B437C345-72EC-47EA-8AE0-B0801224EC18}
		{DB6F9663-7559-4E99-9EFB-1598418687A8} = {B437C345-72EC-47EA-8AE0-B0801224EC18}
		{C5657B75-FC4F-40BB-A38D-6B1829DDC87F} = {B437C345-72EC-47EA-8AE0-B0801224EC18}
	EndGlobalSection
EndGlobal
